
Microsoft Visual Studio Solution File, Format Version 12.00
# Visual Studio Version 16
VisualStudioVersion = 16.0.30804.86
MinimumVisualStudioVersion = 10.0.40219.1
Project("{FAE04EC0-301F-11D3-BF4B-00C04F79EFBC}") = "GenericRazorPortfolio", "GenericRazorPortfolio\GenericRazorPortfolio.csproj", "{AF5DFA94-3BB8-463E-88A4-CBE38C54A59A}"
EndProject
Global
	GlobalSection(SolutionConfigurationPlatforms) = preSolution
		Debug|Any CPU = Debug|Any CPU
		Release|Any CPU = Release|Any CPU
	EndGlobalSection
	GlobalSection(ProjectConfigurationPlatforms) = postSolution
		{AF5DFA94-3BB8-463E-88A4-CBE38C54A59A}.Debug|Any CPU.ActiveCfg = Debug|Any CPU
		{AF5DFA94-3BB8-463E-88A4-CBE38C54A59A}.Debug|Any CPU.Build.0 = Debug|Any CPU
		{AF5DFA94-3BB8-463E-88A4-CBE38C54A59A}.Release|Any CPU.ActiveCfg = Release|Any CPU
		{AF5DFA94-3BB8-463E-88A4-CBE38C54A59A}.Release|Any CPU.Build.0 = Release|Any CPU
	EndGlobalSection
	GlobalSection(SolutionProperties) = preSolution
		HideSolutionNode = FALSE
	EndGlobalSection
	GlobalSection(ExtensibilityGlobals) = postSolution
		SolutionGuid = {A7DD04F0-1914-4254-9D59-0EA06416D417}
	EndGlobalSection
EndGlobal
